
Microsoft Visual Studio Solution File, Format Version 12.00
# Visual Studio Version 17
VisualStudioVersion = 17.14.36401.2
MinimumVisualStudioVersion = 10.0.40219.1
Project("{FAE04EC0-301F-11D3-BF4B-00C04F79EFBC}") = "LibraryOn.Application", "src\LibraryOn.Application\LibraryOn.Application.csproj", "{AEE7F00D-A043-32E0-D432-4C731A9C74A1}"
EndProject
Project("{FAE04EC0-301F-11D3-BF4B-00C04F79EFBC}") = "LibraryOn.Communication", "src\LibraryOn.Communication\LibraryOn.Communication.csproj", "{614BAE33-992C-C1ED-901F-781400C80E2F}"
EndProject
Project("{FAE04EC0-301F-11D3-BF4B-00C04F79EFBC}") = "LibraryOn.Domain", "src\LibraryOn.Domain\LibraryOn.Domain.csproj", "{EE4693F0-4DD0-19DD-AD84-DE3093A1FDE0}"
EndProject
Project("{FAE04EC0-301F-11D3-BF4B-00C04F79EFBC}") = "LibraryOn.Exception", "src\LibraryOn.Exception\LibraryOn.Exception.csproj", "{4CF30B25-43A7-B450-E0B0-13BEB7272798}"
EndProject
Project("{FAE04EC0-301F-11D3-BF4B-00C04F79EFBC}") = "LibraryOn.Infrastructure", "src\LibraryOn.Infrastructure\LibraryOn.Infrastructure.csproj", "{17535DA2-D030-FFEB-AE9D-134965CBAF29}"
EndProject
Project("{2150E333-8FDC-42A3-9474-1A3956D46DE8}") = "src", "src", "{02EA681E-C7D8-13C7-8484-4AC65E1B71E8}"
EndProject
Project("{2150E333-8FDC-42A3-9474-1A3956D46DE8}") = "tests", "tests", "{788A4699-8EAB-4D96-98E9-12B428404BE7}"
EndProject
Project("{FAE04EC0-301F-11D3-BF4B-00C04F79EFBC}") = "LibraryOn.Api", "src\LibraryOn.Api\LibraryOn.Api.csproj", "{F2AAAE47-8128-1AEE-A8E4-5CD4B16DAA2A}"
EndProject
Project("{FAE04EC0-301F-11D3-BF4B-00C04F79EFBC}") = "CommomTestUtilities", "tests\CommomTestUtilities\CommomTestUtilities.csproj", "{24DA9A3F-2A6C-43A5-AA56-C55518E5D6C1}"
EndProject
Project("{FAE04EC0-301F-11D3-BF4B-00C04F79EFBC}") = "Validators.Tests", "tests\Validators.Tests\Validators.Tests.csproj", "{D4FCD63F-EF73-4B12-A4DD-01459E2A9413}"
EndProject
Global
	GlobalSection(SolutionConfigurationPlatforms) = preSolution
		Debug|Any CPU = Debug|Any CPU
		Release|Any CPU = Release|Any CPU
	EndGlobalSection
	GlobalSection(ProjectConfigurationPlatforms) = postSolution
		{AEE7F00D-A043-32E0-D432-4C731A9C74A1}.Debug|Any CPU.ActiveCfg = Debug|Any CPU
		{AEE7F00D-A043-32E0-D432-4C731A9C74A1}.Debug|Any CPU.Build.0 = Debug|Any CPU
		{AEE7F00D-A043-32E0-D432-4C731A9C74A1}.Release|Any CPU.ActiveCfg = Release|Any CPU
		{AEE7F00D-A043-32E0-D432-4C731A9C74A1}.Release|Any CPU.Build.0 = Release|Any CPU
		{614BAE33-992C-C1ED-901F-781400C80E2F}.Debug|Any CPU.ActiveCfg = Debug|Any CPU
		{614BAE33-992C-C1ED-901F-781400C80E2F}.Debug|Any CPU.Build.0 = Debug|Any CPU
		{614BAE33-992C-C1ED-901F-781400C80E2F}.Release|Any CPU.ActiveCfg = Release|Any CPU
		{614BAE33-992C-C1ED-901F-781400C80E2F}.Release|Any CPU.Build.0 = Release|Any CPU
		{EE4693F0-4DD0-19DD-AD84-DE3093A1FDE0}.Debug|Any CPU.ActiveCfg = Debug|Any CPU
		{EE4693F0-4DD0-19DD-AD84-DE3093A1FDE0}.Debug|Any CPU.Build.0 = Debug|Any CPU
		{EE4693F0-4DD0-19DD-AD84-DE3093A1FDE0}.Release|Any CPU.ActiveCfg = Release|Any CPU
		{EE4693F0-4DD0-19DD-AD84-DE3093A1FDE0}.Release|Any CPU.Build.0 = Release|Any CPU
		{4CF30B25-43A7-B450-E0B0-13BEB7272798}.Debug|Any CPU.ActiveCfg = Debug|Any CPU
		{4CF30B25-43A7-B450-E0B0-13BEB7272798}.Debug|Any CPU.Build.0 = Debug|Any CPU
		{4CF30B25-43A7-B450-E0B0-13BEB7272798}.Release|Any CPU.ActiveCfg = Release|Any CPU
		{4CF30B25-43A7-B450-E0B0-13BEB7272798}.Release|Any CPU.Build.0 = Release|Any CPU
		{17535DA2-D030-FFEB-AE9D-134965CBAF29}.Debug|Any CPU.ActiveCfg = Debug|Any CPU
		{17535DA2-D030-FFEB-AE9D-134965CBAF29}.Debug|Any CPU.Build.0 = Debug|Any CPU
		{17535DA2-D030-FFEB-AE9D-134965CBAF29}.Release|Any CPU.ActiveCfg = Release|Any CPU
		{17535DA2-D030-FFEB-AE9D-134965CBAF29}.Release|Any CPU.Build.0 = Release|Any CPU
		{F2AAAE47-8128-1AEE-A8E4-5CD4B16DAA2A}.Debug|Any CPU.ActiveCfg = Debug|Any CPU
		{F2AAAE47-8128-1AEE-A8E4-5CD4B16DAA2A}.Debug|Any CPU.Build.0 = Debug|Any CPU
		{F2AAAE47-8128-1AEE-A8E4-5CD4B16DAA2A}.Release|Any CPU.ActiveCfg = Release|Any CPU
		{F2AAAE47-8128-1AEE-A8E4-5CD4B16DAA2A}.Release|Any CPU.Build.0 = Release|Any CPU
		{24DA9A3F-2A6C-43A5-AA56-C55518E5D6C1}.Debug|Any CPU.ActiveCfg = Debug|Any CPU
		{24DA9A3F-2A6C-43A5-AA56-C55518E5D6C1}.Debug|Any CPU.Build.0 = Debug|Any CPU
		{24DA9A3F-2A6C-43A5-AA56-C55518E5D6C1}.Release|Any CPU.ActiveCfg = Release|Any CPU
		{24DA9A3F-2A6C-43A5-AA56-C55518E5D6C1}.Release|Any CPU.Build.0 = Release|Any CPU
		{D4FCD63F-EF73-4B12-A4DD-01459E2A9413}.Debug|Any CPU.ActiveCfg = Debug|Any CPU
		{D4FCD63F-EF73-4B12-A4DD-01459E2A9413}.Debug|Any CPU.Build.0 = Debug|Any CPU
		{D4FCD63F-EF73-4B12-A4DD-01459E2A9413}.Release|Any CPU.ActiveCfg = Release|Any CPU
		{D4FCD63F-EF73-4B12-A4DD-01459E2A9413}.Release|Any CPU.Build.0 = Release|Any CPU
	EndGlobalSection
	GlobalSection(SolutionProperties) = preSolution
		HideSolutionNode = FALSE
	EndGlobalSection
	GlobalSection(NestedProjects) = preSolution
		{AEE7F00D-A043-32E0-D432-4C731A9C74A1} = {02EA681E-C7D8-13C7-8484-4AC65E1B71E8}
		{614BAE33-992C-C1ED-901F-781400C80E2F} = {02EA681E-C7D8-13C7-8484-4AC65E1B71E8}
		{EE4693F0-4DD0-19DD-AD84-DE3093A1FDE0} = {02EA681E-C7D8-13C7-8484-4AC65E1B71E8}
		{4CF30B25-43A7-B450-E0B0-13BEB7272798} = {02EA681E-C7D8-13C7-8484-4AC65E1B71E8}
		{17535DA2-D030-FFEB-AE9D-134965CBAF29} = {02EA681E-C7D8-13C7-8484-4AC65E1B71E8}
		{F2AAAE47-8128-1AEE-A8E4-5CD4B16DAA2A} = {02EA681E-C7D8-13C7-8484-4AC65E1B71E8}
		{24DA9A3F-2A6C-43A5-AA56-C55518E5D6C1} = {788A4699-8EAB-4D96-98E9-12B428404BE7}
		{D4FCD63F-EF73-4B12-A4DD-01459E2A9413} = {788A4699-8EAB-4D96-98E9-12B428404BE7}
	EndGlobalSection
	GlobalSection(ExtensibilityGlobals) = postSolution
		SolutionGuid = {9A297883-CB09-4DB0-9E9F-631CB44D25E0}
	EndGlobalSection
EndGlobal
